version = 1
revision = 3
requires-python = ">=3.12"

[[package]]
name = "colorama"
version = "0.4.6"
source = { registry = "https://pypi.org/simple" }
sdist = { url = "https://files.pythonhosted.org/packages/d8/53/6f443c9a4a8358a93a6792e2acffb9d9d5cb0a5cfd8802644b7b1c9a02e4/colorama-0.4.6.tar.gz", hash = "sha256:08695f5cb7ed6e0531a20572697297273c47b8cae5a63ffc6d6ed5c201be6e44", size = 27697, upload-time = "2022-10-25T02:36:22.414Z" }
wheels = [
    { url = "https://files.pythonhosted.org/packages/d1/d6/3965ed04c63042e047cb6a3e6ed1a63a35087b6a609aa3a15ed8ac56c221/colorama-0.4.6-py2.py3-none-any.whl", hash = "sha256:4f1d9991f5acc0ca119f9d443620b77f9d6b33703e51011c16baf57afb285fc6", size = 25335, upload-time = "2022-10-25T02:36:20.889Z" },
]

[[package]]
name = "iniconfig"
version = "2.3.0"
source = { registry = "https://pypi.org/simple" }
sdist = { url = "https://files.pythonhosted.org/packages/72/34/14ca021ce8e5dfedc35312d08ba8bf51fdd999c576889fc2c24cb97f4f10/iniconfig-2.3.0.tar.gz", hash = "sha256:c76315c77db068650d49c5b56314774a7804df16fee4402c1f19d6d15d8c4730", size = 20503, upload-time = "2025-10-18T21:55:43.219Z" }
wheels = [
    { url = "https://files.pythonhosted.org/packages/cb/b1/3846dd7f199d53cb17f49cba7e651e9ce294d8497c8c150530ed11865bb8/iniconfig-2.3.0-py3-none-any.whl", hash = "sha256:f631c04d2c48c52b84d0d0549c99ff3859c98df65b3101406327ecc7d53fbf12", size = 7484, upload-time = "2025-10-18T21:55:41.639Z" },
]

[[package]]
name = "packaging"
version = "26.3"
source = { registry = "https://pypi.org/simple" }
sdist = { url = "https://files.pythonhosted.org/packages/7d/fa/3944b40b07da9ce895c0e6303a5ab7d53da063554f534556b134a54d6093/packaging-26.3.tar.gz", hash = "sha256:94edc256424af38762eb31306eed28beb9f0efc50a8837492c9d6fd6004aed79", size = 313412, upload-time = "2026-08-04T18:15:28.737Z" }
wheels = [
    { url = "https://files.pythonhosted.org/packages/63/34/ba1c580383c9eada3711951fef0795c80b829a078d72188184bcab9dd527/packaging-26.3-py3-none-any.whl", hash = "sha256:d7193f7c8e4e93f444fde0262bf90af30e16fa0ad0ad44cb553c87339b23cd1c", size = 129956, upload-time = "2026-08-04T18:15:27.159Z" },
]

[[package]]
name = "pluggy"
version = "1.6.0"
source = { registry = "https://pypi.org/simple" }
sdist = { url = "https://files.pythonhosted.org/packages/f9/e2/3e91f31a7d2b083fe6ef3fa267035b518369d9511ffab804f839851d2779/pluggy-1.6.0.tar.gz", hash = "sha256:7dcc130b76258d33b90f61b658791dede3486c3e6bfb003ee5c9bfb396dd22f3", size = 69412, upload-time = "2025-05-15T12:30:07.975Z" }
wheels = [
    { url = "https://files.pythonhosted.org/packages/54/20/4d324d65cc6d9205fabedc306948156824eb9f0ee1633355a8f7ec5c66bf/pluggy-1.6.0-py3-none-any.whl", hash = "sha256:e920276dd6813095e9377c0bc5566d94c932c33b27a3e3945d8389c374dd4746", size = 20538, upload-time = "2025-05-15T12:30:06.134Z" },
]

[[package]]
name = "pygments"
version = "2.21.0"
source = { registry = "https://pypi.org/simple" }
sdist = { url = "https://files.pythonhosted.org/packages/49/2e/ced460408999b33da6b31b0021b0f37d329e202d4169aeb164493778f25b/pygments-2.21.0.tar.gz", hash = "sha256:610ca751c9bc2492b38eb9a38a7fbc93edbbb2d7182edaf34e66ae493dee5c8c", size = 5005329, upload-time = "2026-08-17T08:02:48.824Z" }
wheels = [
    { url = "https://files.pythonhosted.org/packages/71/46/17f022dd3e953bf20a04a028a21ec746d942f8d2af30fa0f124fa0e6a684/pygments-2.21.0-py3-none-any.whl", hash = "sha256:2363c69b61c4a97c838da3b130dcd6468f4848992b21a82f2a63ec34377137d9", size = 1250147, upload-time = "2026-08-17T08:02:44.912Z" },
]

[[package]]
name = "pytest"
version = "9.1.1"
source = { registry = "https://pypi.org/simple" }
dependencies = [
    { name = "colorama", marker = "sys_platform == 'win32'" },
    { name = "iniconfig" },
    { name = "packaging" },
    { name = "pluggy" },
    { name = "pygments" },
]
sdist = { url = "https://files.pythonhosted.org/packages/e4/47/b9efed96c114afcfa3c9d3fe98a76a1d14c74a9e266d397cf6eb64be5e01/pytest-9.1.1.tar.gz", hash = "sha256:1088fbde8f2b49d95a549a195707afa7a76a3ce9bcadc26b6d71f0ffda5fe313", size = 1636369, upload-time = "2026-06-19T10:58:32.857Z" }
wheels = [
    { url = "https://files.pythonhosted.org/packages/24/25/1de2678b631f5a49215c6c96fff41ba892b0a34df68d6d80292b1b48aa7f/pytest-9.1.1-py3-none-any.whl", hash = "sha256:37a86b45efb9a47a61a36449063e8e18d0cab3161329fc099eb21783169c4f0c", size = 386536, upload-time = "2026-06-19T10:58:31.347Z" },
]

[[package]]
name = "reembolso"
version = "0.1.0"
source = { editable = "." }
dependencies = [
    { name = "simplejson" },
]

[package.dev-dependencies]
dev = [
    { name = "pytest" },
    { name = "ruff" },
]

[package.metadata]
requires-dist = [{ name = "simplejson", specifier = ">=4" }]

[package.metadata.requires-dev]
dev = [
    { name = "pytest", specifier = ">=9.1.1" },
    { name = "ruff", specifier = ">=0.16.10" },
]

[[package]]
name = "ruff"
version = "0.16.10"
source = { registry = "https://pypi.org/simple" }
sdist = { url = "https://files.pythonhosted.org/packages/c4/49/23802c45f093eb14bde54b141d2b2f058edfa63a06db7beed047308cc08f/ruff-0.16.10.tar.gz", hash = "sha256:eff4728c4eaae93f0955cd264d24b2ab348e74bf59986ccf282ba6dc16b3b017", size = 4958724, upload-time = "2026-10-01T18:03:21.697Z" }
wheels = [
    { url = "https://files.pythonhosted.org/packages/2f/21/ebce22e1d90cdb2cd691026b9c6e9bec6499f0b396089481755b5d49efff/ruff-0.16.10-py3-none-linux_armv6l.whl", hash = "sha256:488b0fe3f3574210e5cf80d9f59b9e3ab17a127a8155de3f307b392589cfb511", size = 10095557, upload-time = "2026-10-01T18:02:36.072Z" },
    { url = "https://files.pythonhosted.org/packages/cb/98/a54de85876a8b2612bfa0d84c7b9abfb39c6a3354aee7800b09c1649b9e3/ruff-0.16.10-py3-none-macosx_10_12_x86_64.whl", hash = "sha256:e748ff95c934c4e978783b8e687bc174e7bd84e8ad24e3243e1ecfcda5e0282d", size = 10340577, upload-time = "2026-10-01T18:02:39.258Z" },
    { url = "https://files.pythonhosted.org/packages/9f/16/1a5a4a2657effe4806110f2b907313802f1367fcdbb29e8122766e407fab/ruff-0.16.10-py3-none-macosx_11_0_arm64.whl", hash = "sha256:3031a4a2e8e7b8a46f70be45f198c35a11ece509a94b80334d8d397a33c67550", size = 9774282, upload-time = "2026-10-01T18:02:41.79Z" },
    { url = "https://files.pythonhosted.org/packages/6e/fb/470085af734da396e68cd80fb0a3e7c109a459716ae59588c0f6fab8a17d/ruff-0.16.10-py3-none-manylinux_2_17_aarch64.manylinux2014_aarch64.whl", hash = "sha256:494401c86df4c4c25f69b9419605d944467ee98c42fb6ad405ef4fa40b8fb67d", size = 9920895, upload-time = "2026-10-01T18:02:44.458Z" },
    { url = "https://files.pythonhosted.org/packages/57/de/f10cffe4f88a37ea6615ec460f01bf76f0bc1477737a35d9ee61a630a78b/ruff-0.16.10-py3-none-manylinux_2_17_armv7l.manylinux2014_armv7l.whl", hash = "sha256:d203abc0ff2b773ee33d00ab8df0bb67046fbc7c07b119332f08b9b345cf8221", size = 9902707, upload-time = "2026-10-01T18:02:47.041Z" },
    { url = "https://files.pythonhosted.org/packages/ff/44/3fdcedf83ae60ef837dd239170e480dce606a9142cfa2db911afdf855fd9/ruff-0.16.10-py3-none-manylinux_2_17_i686.manylinux2014_i686.whl", hash = "sha256:bd83d1235a5258d318477bc5b576303974cbdef5df0c01a1bff14efcc23bd12a", size = 10619287, upload-time = "2026-10-01T18:02:49.485Z" },
    { url = "https://files.pythonhosted.org/packages/c1/62/02e76a5574002153618eafbb70e159468addc72a5d2c488e65cbb4639d2d/ruff-0.16.10-py3-none-manylinux_2_17_ppc64le.manylinux2014_ppc64le.whl", hash = "sha256:bc2610fb269fa56dd8a68669ae470fa6272902668c0fc2ebc3aa112b2633d5b8", size = 11339942, upload-time = "2026-10-01T18:02:52.008Z" },
    { url = "https://files.pythonhosted.org/packages/6b/c4/cde27d47ad8d4126c587e608c67c46e7feac11763f606d261a1bc8a489e6/ruff-0.16.10-py3-none-manylinux_2_17_s390x.manylinux2014_s390x.whl", hash = "sha256:3e70175e29cc94c26ea296c80e470180b744b7419026898e58f520c6ab32578e", size = 10934316, upload-time = "2026-10-01T18:02:54.811Z" },
    { url = "https://files.pythonhosted.org/packages/e4/03/17234145f302a645a123e8c3bb2411ecf4669fbc350de3b0d803230a1729/ruff-0.16.10-py3-none-manylinux_2_17_x86_64.manylinux2014_x86_64.whl", hash = "sha256:f33f43a864a8483eebd160e713336c8bab02c934feaff0a33cf5ccb41546d09a", size = 10387968, upload-time = "2026-10-01T18:02:57.497Z" },
    { url = "https://files.pythonhosted.org/packages/71/29/2493af60240ee7644b38a4b821f5f9c3b5a4fa3178770fe1d0c685217395/ruff-0.16.10-py3-none-manylinux_2_31_riscv64.whl", hash = "sha256:1dfc6f0088149fb6a362c1c446bcbb3fd2157b3852fe2fa68409276eab9ad9b3", size = 10537906, upload-time = "2026-10-01T18:03:00.006Z" },
    { url = "https://files.pythonhosted.org/packages/2e/9a/f56b28f3b143bb9e518c34fb89ab191b626bca8b70dbf8af0d2e2d473572/ruff-0.16.10-py3-none-musllinux_1_2_aarch64.whl", hash = "sha256:6553498afc35f580f036030795810b9e6bcea31604b0fd9e8d352795473042e3", size = 10012938, upload-time = "2026-10-01T18:03:03.006Z" },
    { url = "https://files.pythonhosted.org/packages/c2/c4/fca37362848ea4d4d80712df13632e645e7c7cfb1bdedf140699ac7a090b/ruff-0.16.10-py3-none-musllinux_1_2_armv7l.whl", hash = "sha256:a3b8471dea115d37f123882be852bed13403746d3a76c11de4a19ec5f9ff5a03", size = 9897945, upload-time = "2026-10-01T18:03:05.818Z" },
    { url = "https://files.pythonhosted.org/packages/7d/c7/e0bc57664d6e0c61fd22f620af260fe9662d7e1ddb320ea7f160e76ef165/ruff-0.16.10-py3-none-musllinux_1_2_i686.whl", hash = "sha256:92e59a70bcbd9d3a5483656da906ec28edfdacfce00afd99edb8b4e9d15644be", size = 10333134, upload-time = "2026-10-01T18:03:08.25Z" },
    { url = "https://files.pythonhosted.org/packages/21/aa/5c9f3b68737c0e4a33a1db5dfab44f7b786d96ca91a7233112ddab1e6dc2/ruff-0.16.10-py3-none-musllinux_1_2_x86_64.whl", hash = "sha256:7ae7375f803b5520dc9f546bed7e3a0acb70b91812e9bb4b19927de22f25b77d", size = 10741702, upload-time = "2026-10-01T18:03:10.775Z" },
    { url = "https://files.pythonhosted.org/packages/78/fa/0f9c2020dc316c53d983be011720b8157cc052b97e3f4dfa7db6d0f880a6/ruff-0.16.10-py3-none-win32.whl", hash = "sha256:2a12e01cb9156c10c466f63b46eaae5ecea28dfbd21b5836353ae498e7d1349a", size = 10139176, upload-time = "2026-10-01T18:03:13.267Z" },
    { url = "https://files.pythonhosted.org/packages/99/29/cfb0df9448d4d4ad48c2de029ada9ebd71baa6da983a6c77ee6c6cd0fe82/ruff-0.16.10-py3-none-win_amd64.whl", hash = "sha256:97f2015c92aa97105b0eab19eb5d224884399281cfc5da86a92db4ab5e7fb2ca", size = 10584734, upload-time = "2026-10-01T18:03:16.006Z" },
    { url = "https://files.pythonhosted.org/packages/fc/05/c16957eb287c3fc062e032619a25868d93d408a844b725bcf514f7a378ff/ruff-0.16.10-py3-none-win_arm64.whl", hash = "sha256:25a65fe998c4e6861ec079ada5826a2fc605e6cbccbe9dcd7fac1f54e791621b", size = 10366440, upload-time = "2026-10-01T18:03:19.04Z" },
]

[[package]]
name = "simplejson"
version = "4.1.2"
source = { registry = "https://pypi.org/simple" }
sdist = { url = "https://files.pythonhosted.org/packages/f1/e3/1cc7dbf4deebc16e9dc42db37f473b5b612d021eb10e69974be308425171/simplejson-4.1.2.tar.gz", hash = "sha256:6ae4186f90362e9c03c80a1cd5062a20f3a11ac9d391f7ee0ef0701a0e2b7394", size = 121591, upload-time = "2026-08-27T00:38:27.527Z" }
wheels = [
    { url = "https://files.pythonhosted.org/packages/b7/46/cd6f49506d633f5207c868c9373db594d4636b0fd69a2ce3dea53a1a05ff/simplejson-4.1.2-cp312-cp312-macosx_10_13_universal2.whl", hash = "sha256:3733bf9afd79291eb0744b5b01041356df1b1bc25175a72519eb548751b61aeb", size = 114985, upload-time = "2026-08-27T00:37:00.459Z" },
    { url = "https://files.pythonhosted.org/packages/ec/dd/1ca3b57840863954e1d402287f8481c88f4e84bdc1cd27f6a0f3a7097b69/simplejson-4.1.2-cp312-cp312-macosx_10_13_x86_64.whl", hash = "sha256:630160f22edb2b13e05e0fe13dd80c2a064374f212696d3ee472f9ee13ebf4ac", size = 93388, upload-time = "2026-08-27T00:37:01.665Z" },
    { url = "https://files.pythonhosted.org/packages/d5/70/ff9cce6cdd7b2271ccf25e700a38986fa8ccf601fba405db28150414a7fb/simplejson-4.1.2-cp312-cp312-macosx_11_0_arm64.whl", hash = "sha256:78a0ff56305feec5217639247dba9174d20d4fa6538885a29b9910aad44fd92d", size = 93292, upload-time = "2026-08-27T00:37:02.851Z" },
    { url = "https://files.pythonhosted.org/packages/8d/f9/69d2be0cbcdc1bd6052998b7d22cb3e7c80c9d6a371eb345cf079401fe41/simplejson-4.1.2-cp312-cp312-manylinux1_x86_64.manylinux_2_28_x86_64.manylinux_2_5_x86_64.whl", hash = "sha256:a769bce267ef4091b7ef380bcad1c474f4e66bfcfecb571e996215dcdd24df70", size = 194572, upload-time = "2026-08-27T00:37:03.962Z" },
    { url = "https://files.pythonhosted.org/packages/e7/3d/39e7253427dd4c2ec38596b944e3d3a53926cab7b3c2d28c43ef1a34d6d3/simplejson-4.1.2-cp312-cp312-manylinux2014_aarch64.manylinux_2_17_aarch64.manylinux_2_28_aarch64.whl", hash = "sha256:f2156497f031d5c0051a335216f7ff5441746a93fbab5932e47105da7ef24ab9", size = 191984, upload-time = "2026-08-27T00:37:05.212Z" },
    { url = "https://files.pythonhosted.org/packages/4e/c4/75efe79679235b74ed3ff9ef91421bf4d57ca9e7ffa84543975f3fd833af/simplejson-4.1.2-cp312-cp312-manylinux2014_ppc64le.manylinux_2_17_ppc64le.manylinux_2_28_ppc64le.whl", hash = "sha256:fd305a4699fc949ba6089ddfd17f582ce7c4a5d85e5601c44b42e35ebf521174", size = 199832, upload-time = "2026-08-27T00:37:06.418Z" },
    { url = "https://files.pythonhosted.org/packages/49/77/31a91f9e237591802d72d9ff9922c4c88f94eef34ade81d6e36769d70ba6/simplejson-4.1.2-cp312-cp312-musllinux_1_2_aarch64.whl", hash = "sha256:0247d71cd72dbd4f1b9dc3db9a1e333b74cbb35ee4f9287230de97de4cc03eb6", size = 188798, upload-time = "2026-08-27T00:37:07.702Z" },
    { url = "https://files.pythonhosted.org/packages/30/00/7876a15fbecac1d4653ce2af0b446fa1308af8d6f3f802e2e7019698b46d/simplejson-4.1.2-cp312-cp312-musllinux_1_2_ppc64le.whl", hash = "sha256:3b8d4ff4cd6e8cdab666431169378820cb4570fa06cb74d3f0cc165aa5434b62", size = 196805, upload-time = "2026-08-27T00:37:09.138Z" },
    { url = "https://files.pythonhosted.org/packages/1b/47/53185d6bfa624dec5a9d1b10d4a9ca46b29124bc5695a1f33715a66606a1/simplejson-4.1.2-cp312-cp312-musllinux_1_2_x86_64.whl", hash = "sha256:438aa043f693af285aaeea2ce72fa4a45b96d1532a1431d937577083fe13254d", size = 191871, upload-time = "2026-08-27T00:37:10.424Z" },
    { url = "https://files.pythonhosted.org/packages/80/cf/932a5d3ad0877d34381b3319b69fab8b9839173b47eaea5b6cf08033d16e/simplejson-4.1.2-cp312-cp312-win32.whl", hash = "sha256:6e7a978f030beb0f9f710e906c59ed7b0e43e7ba20cbc1a1e67021de24e34b12", size = 90222, upload-time = "2026-08-27T00:37:11.62Z" },
    { url = "https://files.pythonhosted.org/packages/da/2d/3049dc3da55289d3d82e148fd95a6cbfa04bd31db49ef11325e0b681c0d0/simplejson-4.1.2-cp312-cp312-win_amd64.whl", hash = "sha256:5eb414922b5ef7ca6ef5a3e3c82b036f4408f9d15aea9dd8c5de798d000929e0", size = 91969, upload-time = "2026-08-27T00:37:12.789Z" },
    { url = "https://files.pythonhosted.org/packages/45/14/9603f47a6da152a1e3c66748484546ea337f380951f9f971fd9bac6f4d11/simplejson-4.1.2-cp313-cp313-macosx_10_13_universal2.whl", hash = "sha256:b99859df62436dff54d597fa26a251c00a0b8227277a6c018faa64cbd76e3a8c", size = 115800, upload-time = "2026-08-27T00:37:13.908Z" },
    { url = "https://files.pythonhosted.org/packages/fd/f9/372afb2500e6e4b52899861f3d477a2fac63af4c3e9aa64039d9a62aba18/simplejson-4.1.2-cp313-cp313-macosx_10_13_x86_64.whl", hash = "sha256:760864258e2ecf64c9de6e91756b69fe9821b3cc7a1a4326ef99902306a83816", size = 93874, upload-time = "2026-08-27T00:37:15.065Z" },
    { url = "https://files.pythonhosted.org/packages/c1/51/cad8715b85c1a822c790b557ecbdcc03f170ea03c5ff23d61d2efe4de364/simplejson-4.1.2-cp313-cp313-macosx_11_0_arm64.whl", hash = "sha256:01554fea464ecb8a3a9a7053de4670c87e18590836398a30a535124bc4453480", size = 93675, upload-time = "2026-08-27T00:37:16.258Z" },
    { url = "https://files.pythonhosted.org/packages/56/a0/4ad5d81a2adf7ee437a57c6bd2b676c476457aa85c2fcd1b03bc3577ac35/simplejson-4.1.2-cp313-cp313-manylinux1_x86_64.manylinux_2_28_x86_64.manylinux_2_5_x86_64.whl", hash = "sha256:f17a3c875f0fd6600739ee9bba4137a5138f8fc9524c69be4db8c659e0f703b0", size = 196944, upload-time = "2026-08-27T00:37:17.518Z" },
    { url = "https://files.pythonhosted.org/packages/8b/49/cccd27be83408a6736e31056ff5a8e1631b55f09555a1c99c0013425d1ad/simplejson-4.1.2-cp313-cp313-manylinux2014_aarch64.manylinux_2_17_aarch64.manylinux_2_28_aarch64.whl", hash = "sha256:df5da14ae3daafe11c13861a39e7f57a92c2b5fd7b4b06601e82f7f941d53f07", size = 193792, upload-time = "2026-08-27T00:37:18.873Z" },
    { url = "https://files.pythonhosted.org/packages/56/1a/d4e0b631616a118359811b7f1c2245f5995c41c0a97921d0e224f20a62ac/simplejson-4.1.2-cp313-cp313-manylinux2014_ppc64le.manylinux_2_17_ppc64le.manylinux_2_28_ppc64le.whl", hash = "sha256:2e20baa381e4c6e9c0b2767794504f40193caac93bdd03116571379490499325", size = 201377, upload-time = "2026-08-27T00:37:20.133Z" },
    { url = "https://files.pythonhosted.org/packages/f5/22/7c6a2599a83e1db980235a16c5195c6c3bf4a0d3b95c7088cff747042d0e/simplejson-4.1.2-cp313-cp313-musllinux_1_2_aarch64.whl", hash = "sha256:4cc740929b41e32c63a22b56b1f1e55174fbcb062a2bc9872c4dc02dc48e5bc9", size = 189885, upload-time = "2026-08-27T00:37:21.364Z" },
    { url = "https://files.pythonhosted.org/packages/f2/c9/096bdddeb6809ac1e32b63c682fe6851a135fe35e7dc44d10d1e1cc439e4/simplejson-4.1.2-cp313-cp313-musllinux_1_2_ppc64le.whl", hash = "sha256:5c13623bab64ead9f5f246a0a232dcb8be6152fbb9b500b757808cc37c4a025e", size = 198161, upload-time = "2026-08-27T00:37:22.685Z" },
    { url = "https://files.pythonhosted.org/packages/f4/fe/fc0b116a4239b8f312030e238eefd0738b27b0b7efb59cea631e1c5eb755/simplejson-4.1.2-cp313-cp313-musllinux_1_2_x86_64.whl", hash = "sha256:29fd672ee98241e1f0f6008a2d0a5664ab3d92fb0c454124c18c3b119362beca", size = 193706, upload-time = "2026-08-27T00:37:24.067Z" },
    { url = "https://files.pythonhosted.org/packages/b5/f6/a1e71e0d30704f3b6f520b086a2786ebc4c8e65142862c318c0f2d20ec74/simplejson-4.1.2-cp313-cp313-win32.whl", hash = "sha256:28d0e567e74865139d2576dc135e22bc509dbd64f3cab72e5ceed7b2d198bd89", size = 90371, upload-time = "2026-08-27T00:37:25.477Z" },
    { url = "https://files.pythonhosted.org/packages/a8/7a/7d285a780569195d4bab5f44b6691823497d36a2f34c95e3c31507b12b5c/simplejson-4.1.2-cp313-cp313-win_amd64.whl", hash = "sha256:f76148abeeb476ac0e129433c9734df9391f5373c8529c3d0b628de14b859fa3", size = 92281, upload-time = "2026-08-27T00:37:26.908Z" },
    { url = "https://files.pythonhosted.org/packages/0a/a0/3a0934c2b465cb8bbd6fad7e9ca32cfd70f1a0ffd204e0e5db9704fa1fbb/simplejson-4.1.2-cp314-cp314-macosx_10_15_universal2.whl", hash = "sha256:d999597ff19143130d2e52f363e5e7791703a87be3df9219fbec6eb54958d4d1", size = 112905, upload-time = "2026-08-27T00:37:28.074Z" },
    { url = "https://files.pythonhosted.org/packages/05/ac/a9f131ae07efa8fd7b17961bdcdd5b6a00b0b49480cf66e379fe06459614/simplejson-4.1.2-cp314-cp314-macosx_10_15_x86_64.whl", hash = "sha256:37c0293cd6b04ab0e2c2bb8bcbe5c3c7c2cd3bd487bbd95c043237a7db4d4e9c", size = 92397, upload-time = "2026-08-27T00:37:29.471Z" },
    { url = "https://files.pythonhosted.org/packages/4c/0b/05e95a9a673adeeece7d368fd7ff305cfa00599d482a9ba23667af73ddf1/simplejson-4.1.2-cp314-cp314-macosx_11_0_arm64.whl", hash = "sha256:a48a827277963a557ad844c845fa8992356d1afd6edba76cd32fe056cbf8df2b", size = 92231, upload-time = "2026-08-27T00:37:30.619Z" },
    { url = "https://files.pythonhosted.org/packages/8b/95/2eddb2053b9ca497bbd07c663e54bb6e13747b1ff6c3f3c79a86b19ddd6d/simplejson-4.1.2-cp314-cp314-manylinux1_x86_64.manylinux_2_28_x86_64.manylinux_2_5_x86_64.whl", hash = "sha256:d350798258029864b27bca50b4ce7ee138faf8f07be21d2192b7088da9c38074", size = 188580, upload-time = "2026-08-27T00:37:31.841Z" },
    { url = "https://files.pythonhosted.org/packages/2a/98/43eb3ed7edbb07afcb861fc24dfcfc52b0e83373236420dd59ba1dc9aacf/simplejson-4.1.2-cp314-cp314-manylinux2014_aarch64.manylinux_2_17_aarch64.manylinux_2_28_aarch64.whl", hash = "sha256:4c0bd55cc396b7dc1df43b19a9df8d85684fd84dc196fad674c1f4c4887279d0", size = 185310, upload-time = "2026-08-27T00:37:33.171Z" },
    { url = "https://files.pythonhosted.org/packages/98/0b/2f60218ce135fad65dafd9998272c7fd029eb7195645c439395027a872a5/simplejson-4.1.2-cp314-cp314-manylinux2014_ppc64le.manylinux_2_17_ppc64le.manylinux_2_28_ppc64le.whl", hash = "sha256:205e28d0506e72cedf5b8bad4a946779db236d1fe4d43f2481a3361737ed573b", size = 193465, upload-time = "2026-08-27T00:37:34.49Z" },
    { url = "https://files.pythonhosted.org/packages/73/5d/8270e305880188acbe83324c7f8d9a913cdfeec180bef845948113c96496/simplejson-4.1.2-cp314-cp314-musllinux_1_2_aarch64.whl", hash = "sha256:87dd15ed478dc1dea9e5ee3e564bd49ff9f9ecab854a1ae896d66b8667387b28", size = 181501, upload-time = "2026-08-27T00:37:35.696Z" },
    { url = "https://files.pythonhosted.org/packages/2a/87/dd6b9713ddd91fbdf6f78cf87fe6ff11c3216d01795db6206ee77fb86a9a/simplejson-4.1.2-cp314-cp314-musllinux_1_2_ppc64le.whl", hash = "sha256:c8135ff667bd1c131964795196e2428a9db4befeb074133b314847675d6ca367", size = 189435, upload-time = "2026-08-27T00:37:36.924Z" },
    { url = "https://files.pythonhosted.org/packages/d5/b9/1ece5f5ea9c72eaf98ec06c3f73971c868971b4f8d0d266758e7d95dc95b/simplejson-4.1.2-cp314-cp314-musllinux_1_2_x86_64.whl", hash = "sha256:7273dd5d56430549d5bea9176923891f765ddcc421a1a05c74c6ff5397edaa38", size = 185760, upload-time = "2026-08-27T00:37:38.205Z" },
    { url = "https://files.pythonhosted.org/packages/99/70/9519355cebd5916aabd8d1397a626c9c2e97f47edc4827d3b0859d9903dc/simplejson-4.1.2-cp314-cp314-win32.whl", hash = "sha256:432cc50cc23ce980ec60d3cbf8f35383653fec9b4c952e24cded2f638a48f48e", size = 90304, upload-time = "2026-08-27T00:37:39.432Z" },
    { url = "https://files.pythonhosted.org/packages/d0/81/4ed61f6cfa01e8d43ca242d04a6155091a7f19566f095715ed38a2dcfb80/simplejson-4.1.2-cp314-cp314-win_amd64.whl", hash = "sha256:a52db90cc4175bf7aaa36bf7b8c1ff92403349d2d999794ad3f75b175c627ff1", size = 92616, upload-time = "2026-08-27T00:37:40.607Z" },
    { url = "https://files.pythonhosted.org/packages/6b/f1/15e52fe9168510d78315439ad5d0f737e8c9f920cad251c989acac4ef263/simplejson-4.1.2-cp314-cp314t-macosx_10_15_universal2.whl", hash = "sha256:92e85afa383ac2f6a80ac0d9dc6ccf9e92bc19d24451c41d290e83bab5534ccb", size = 116460, upload-time = "2026-08-27T00:37:42.916Z" },
    { url = "https://files.pythonhosted.org/packages/3c/b3/1bec2de25e21864d9920bf00427f965da74052e84088b924c12c92a1b1b6/simplejson-4.1.2-cp314-cp314t-macosx_10_15_x86_64.whl", hash = "sha256:2081a5f1a1e2645d4b2db48e49b54862f60bc31387e71549c1d4679caacaf694", size = 94213, upload-time = "2026-08-27T00:37:44.193Z" },
    { url = "https://files.pythonhosted.org/packages/3f/fe/f82ff72f373f3cd9078819525940fefb35b36b0f4581e602a78952c84531/simplejson-4.1.2-cp314-cp314t-macosx_11_0_arm64.whl", hash = "sha256:fcc4c6b0ba1f0515cbab539b5b7c1b38f3671999b390f8056cd71ac05895d901", size = 93920, upload-time = "2026-08-27T00:37:45.409Z" },
    { url = "https://files.pythonhosted.org/packages/53/cd/292be366a353aa16c7e77a2b37b83bfa24e4bbca9fbf9914475375eaf2b1/simplejson-4.1.2-cp314-cp314t-manylinux1_x86_64.manylinux_2_28_x86_64.manylinux_2_5_x86_64.whl", hash = "sha256:119733522f1f5d50a4262820ec587753a368cce0231aae02b958bb47e705bc13", size = 218654, upload-time = "2026-08-27T00:37:46.659Z" },
    { url = "https://files.pythonhosted.org/packages/d3/4b/419a05e7aa24650a28c572a421ae71e3a40f5e10375efa2ce96db80cb358/simplejson-4.1.2-cp314-cp314t-manylinux2014_aarch64.manylinux_2_17_aarch64.manylinux_2_28_aarch64.whl", hash = "sha256:15ffd144c44be1f5ba2a9bc5641ea7af925b75e240adffb79ced67f35f58b4dd", size = 219738, upload-time = "2026-08-27T00:37:48.011Z" },
    { url = "https://files.pythonhosted.org/packages/4c/d8/6ca3a747348465a80c1dcf50f8265477806981253677331a2b217b414f36/simplejson-4.1.2-cp314-cp314t-manylinux2014_ppc64le.manylinux_2_17_ppc64le.manylinux_2_28_ppc64le.whl", hash = "sha256:4134f1afadf815295d5d38f50f2b64e1758ce053b552526b44f74c5a34bf9bab", size = 223936, upload-time = "2026-08-27T00:37:49.273Z" },
    { url = "https://files.pythonhosted.org/packages/5f/cb/5498d477c0131abf29349102c372307119c1b111d7992a8c899f8de03899/simplejson-4.1.2-cp314-cp314t-musllinux_1_2_aarch64.whl", hash = "sha256:601184707588eec8e04e16c534be5a4794aeac9a5163600e077c85c255a1f9b3", size = 214779, upload-time = "2026-08-27T00:37:50.63Z" },
    { url = "https://files.pythonhosted.org/packages/33/ab/f39ffeb873375d3a733e886ca7c3e03131721e3e814edcd020cdfd339ef6/simplejson-4.1.2-cp314-cp314t-musllinux_1_2_ppc64le.whl", hash = "sha256:3a2f883839314597ace1f48fda2e8f4bf1018674d3842823f54b027690b15e41", size = 219880, upload-time = "2026-08-27T00:37:51.934Z" },
    { url = "https://files.pythonhosted.org/packages/c2/cf/01e88370229d92f1e8b2bc660cb53b3c3b5068fe76768021a331c9f276f7/simplejson-4.1.2-cp314-cp314t-musllinux_1_2_x86_64.whl", hash = "sha256:d284ea3976a73054151e7906fc1b4fff25d589970532b6209ed7aeda9079747b", size = 215009, upload-time = "2026-08-27T00:37:53.217Z" },
    { url = "https://files.pythonhosted.org/packages/fc/53/016a4132161e1ac0b75385c1f61dbd96c0dff57ad2bb09e6e1653cfd7513/simplejson-4.1.2-cp314-cp314t-win32.whl", hash = "sha256:14a6a1fd97aeb7ebc54773bd0d195b480e946b9a915ebd163671744a387abee6", size = 91670, upload-time = "2026-08-27T00:37:54.503Z" },
    { url = "https://files.pythonhosted.org/packages/da/b2/6911f3b7d82f641b7050190cc64dbae6dcc1148bb02f7212b26f6119f0c2/simplejson-4.1.2-cp314-cp314t-win_amd64.whl", hash = "sha256:e933a481b825bac33fb274de49e1574f805f48442198e06b1f2c3b4cbde40350", size = 94267, upload-time = "2026-08-27T00:37:55.836Z" },
    { url = "https://files.pythonhosted.org/packages/95/e2/7f47df8fbd3d9c35902b76c242e21759a27d6e8c030c901c4f0ad93dd10b/simplejson-4.1.2-py3-none-any.whl", hash = "sha256:93f95f6769f37f4c3763666950b23bf9b9230b60bf1d718845e92db2ebcbf32d", size = 71116, upload-time = "2026-08-27T00:38:26.256Z" },
]
